
Microsoft Visual Studio Solution File, Format Version 12.00
# Visual Studio Version 16
VisualStudioVersion = 16.0.31112.23
MinimumVisualStudioVersion = 10.0.40219.1
Project("{FAE04EC0-301F-11D3-BF4B-00C04F79EFBC}") = "CoffeeShop", "CoffeeShop\CoffeeShop.csproj", "{CDDCB0F3-F90F-460F-842F-ADD3DFE616B1}"
EndProject
Global
	GlobalSection(SolutionConfigurationPlatforms) = preSolution
		Debug|Any CPU = Debug|Any CPU
		Release|Any CPU = Release|Any CPU
	EndGlobalSection
	GlobalSection(ProjectConfigurationPlatforms) = postSolution
		{CDDCB0F3-F90F-460F-842F-ADD3DFE616B1}.Debug|Any CPU.ActiveCfg = Debug|Any CPU
		{CDDCB0F3-F90F-460F-842F-ADD3DFE616B1}.Debug|Any CPU.Build.0 = Debug|Any CPU
		{CDDCB0F3-F90F-460F-842F-ADD3DFE616B1}.Release|Any CPU.ActiveCfg = Release|Any CPU
		{CDDCB0F3-F90F-460F-842F-ADD3DFE616B1}.Release|Any CPU.Build.0 = Release|Any CPU
	EndGlobalSection
	GlobalSection(SolutionProperties) = preSolution
		HideSolutionNode = FALSE
	EndGlobalSection
	GlobalSection(ExtensibilityGlobals) = postSolution
		SolutionGuid = {A4ABEE6F-F23C-450C-BC5F-7F70FC66DE54}
	EndGlobalSection
EndGlobal
